
Microsoft Visual Studio Solution File, Format Version 12.00
Project("{FAE04EC0-301F-11D3-BF4B-00C04F79EFBC}") = "TypeTools", "TypeTools\TypeTools.csproj", "{B25A60AB-493B-4100-BB9F-2B55573AA722}"
EndProject
Project("{FAE04EC0-301F-11D3-BF4B-00C04F79EFBC}") = "Tests", "Tests\Tests.csproj", "{2AA8E3D8-8B85-4678-902D-5CA1BC354B90}"
EndProject
Global
	GlobalSection(SolutionConfigurationPlatforms) = preSolution
		Debug|Any CPU = Debug|Any CPU
		Release|Any CPU = Release|Any CPU
	EndGlobalSection
	GlobalSection(ProjectConfigurationPlatforms) = postSolution
		{B25A60AB-493B-4100-BB9F-2B55573AA722}.Debug|Any CPU.ActiveCfg = Debug|Any CPU
		{B25A60AB-493B-4100-BB9F-2B55573AA722}.Debug|Any CPU.Build.0 = Debug|Any CPU
		{B25A60AB-493B-4100-BB9F-2B55573AA722}.Release|Any CPU.ActiveCfg = Release|Any CPU
		{B25A60AB-493B-4100-BB9F-2B55573AA722}.Release|Any CPU.Build.0 = Release|Any CPU
		{2AA8E3D8-8B85-4678-902D-5CA1BC354B90}.Debug|Any CPU.ActiveCfg = Debug|Any CPU
		{2AA8E3D8-8B85-4678-902D-5CA1BC354B90}.Debug|Any CPU.Build.0 = Debug|Any CPU
		{2AA8E3D8-8B85-4678-902D-5CA1BC354B90}.Release|Any CPU.ActiveCfg = Release|Any CPU
		{2AA8E3D8-8B85-4678-902D-5CA1BC354B90}.Release|Any CPU.Build.0 = Release|Any CPU
	EndGlobalSection
EndGlobal
